
Microsoft Visual Studio Solution File, Format Version 12.00
# Visual Studio Version 17
VisualStudioVersion = 17.0.31903.59
MinimumVisualStudioVersion = 10.0.40219.1
Project("{FAE04EC0-301F-11D3-BF4B-00C04F79EFBC}") = "WebAPIClient", "WebAPIClient\WebAPIClient.csproj", "{5E848791-CD1E-4F4F-A219-6730D2E1978E}"
EndProject
Project("{FAE04EC0-301F-11D3-BF4B-00C04F79EFBC}") = "RazorPagesMovie", "RazorPagesMovie\RazorPagesMovie.csproj", "{A5FB1483-EF02-4CA6-9619-36BE40BEB426}"
EndProject
Project("{FAE04EC0-301F-11D3-BF4B-00C04F79EFBC}") = "MvcMovie", "MvcMovie\MvcMovie.csproj", "{EC44665D-235F-4E65-86CE-9230C3F99CC2}"
EndProject
Project("{FAE04EC0-301F-11D3-BF4B-00C04F79EFBC}") = "EfCore2", "EfCore2\EfCore2.csproj", "{7A284B02-FEF3-4143-BB62-19F914A98FE9}"
EndProject
Project("{FAE04EC0-301F-11D3-BF4B-00C04F79EFBC}") = "EFcore1", "EfCoreGetStarted\EFcore1.csproj", "{9AEDE258-780C-41CC-903A-5229904397CA}"
EndProject
Project("{2150E333-8FDC-42A3-9474-1A3956D46DE8}") = "API", "API", "{CEC4C175-BC01-4704-9913-938CD7AC5834}"
EndProject
Project("{FAE04EC0-301F-11D3-BF4B-00C04F79EFBC}") = "TodoApi", "API\TodoApi\TodoApi.csproj", "{B193BE6E-005C-4ABE-8C15-1C92D0BCA866}"
EndProject
Project("{FAE04EC0-301F-11D3-BF4B-00C04F79EFBC}") = "ContosoPizza", "API\ContosoPizza\ContosoPizza.csproj", "{C889569A-3378-4AFC-8FB5-BCA4B21EEEF3}"
EndProject
Global
	GlobalSection(SolutionConfigurationPlatforms) = preSolution
		Debug|Any CPU = Debug|Any CPU
		Release|Any CPU = Release|Any CPU
	EndGlobalSection
	GlobalSection(ProjectConfigurationPlatforms) = postSolution
		{5E848791-CD1E-4F4F-A219-6730D2E1978E}.Debug|Any CPU.ActiveCfg = Debug|Any CPU
		{5E848791-CD1E-4F4F-A219-6730D2E1978E}.Debug|Any CPU.Build.0 = Debug|Any CPU
		{5E848791-CD1E-4F4F-A219-6730D2E1978E}.Release|Any CPU.ActiveCfg = Release|Any CPU
		{5E848791-CD1E-4F4F-A219-6730D2E1978E}.Release|Any CPU.Build.0 = Release|Any CPU
		{A5FB1483-EF02-4CA6-9619-36BE40BEB426}.Debug|Any CPU.ActiveCfg = Debug|Any CPU
		{A5FB1483-EF02-4CA6-9619-36BE40BEB426}.Debug|Any CPU.Build.0 = Debug|Any CPU
		{A5FB1483-EF02-4CA6-9619-36BE40BEB426}.Release|Any CPU.ActiveCfg = Release|Any CPU
		{A5FB1483-EF02-4CA6-9619-36BE40BEB426}.Release|Any CPU.Build.0 = Release|Any CPU
		{EC44665D-235F-4E65-86CE-9230C3F99CC2}.Debug|Any CPU.ActiveCfg = Debug|Any CPU
		{EC44665D-235F-4E65-86CE-9230C3F99CC2}.Debug|Any CPU.Build.0 = Debug|Any CPU
		{EC44665D-235F-4E65-86CE-9230C3F99CC2}.Release|Any CPU.ActiveCfg = Release|Any CPU
		{EC44665D-235F-4E65-86CE-9230C3F99CC2}.Release|Any CPU.Build.0 = Release|Any CPU
		{7A284B02-FEF3-4143-BB62-19F914A98FE9}.Debug|Any CPU.ActiveCfg = Debug|Any CPU
		{7A284B02-FEF3-4143-BB62-19F914A98FE9}.Debug|Any CPU.Build.0 = Debug|Any CPU
		{7A284B02-FEF3-4143-BB62-19F914A98FE9}.Release|Any CPU.ActiveCfg = Release|Any CPU
		{7A284B02-FEF3-4143-BB62-19F914A98FE9}.Release|Any CPU.Build.0 = Release|Any CPU
		{9AEDE258-780C-41CC-903A-5229904397CA}.Debug|Any CPU.ActiveCfg = Debug|Any CPU
		{9AEDE258-780C-41CC-903A-5229904397CA}.Debug|Any CPU.Build.0 = Debug|Any CPU
		{9AEDE258-780C-41CC-903A-5229904397CA}.Release|Any CPU.ActiveCfg = Release|Any CPU
		{9AEDE258-780C-41CC-903A-5229904397CA}.Release|Any CPU.Build.0 = Release|Any CPU
		{B193BE6E-005C-4ABE-8C15-1C92D0BCA866}.Debug|Any CPU.ActiveCfg = Debug|Any CPU
		{B193BE6E-005C-4ABE-8C15-1C92D0BCA866}.Debug|Any CPU.Build.0 = Debug|Any CPU
		{B193BE6E-005C-4ABE-8C15-1C92D0BCA866}.Release|Any CPU.ActiveCfg = Release|Any CPU
		{B193BE6E-005C-4ABE-8C15-1C92D0BCA866}.Release|Any CPU.Build.0 = Release|Any CPU
		{C889569A-3378-4AFC-8FB5-BCA4B21EEEF3}.Debug|Any CPU.ActiveCfg = Debug|Any CPU
		{C889569A-3378-4AFC-8FB5-BCA4B21EEEF3}.Debug|Any CPU.Build.0 = Debug|Any CPU
		{C889569A-3378-4AFC-8FB5-BCA4B21EEEF3}.Release|Any CPU.ActiveCfg = Release|Any CPU
		{C889569A-3378-4AFC-8FB5-BCA4B21EEEF3}.Release|Any CPU.Build.0 = Release|Any CPU
	EndGlobalSection
	GlobalSection(SolutionProperties) = preSolution
		HideSolutionNode = FALSE
	EndGlobalSection
	GlobalSection(NestedProjects) = preSolution
		{B193BE6E-005C-4ABE-8C15-1C92D0BCA866} = {CEC4C175-BC01-4704-9913-938CD7AC5834}
		{C889569A-3378-4AFC-8FB5-BCA4B21EEEF3} = {CEC4C175-BC01-4704-9913-938CD7AC5834}
	EndGlobalSection
EndGlobal
