
Microsoft Visual Studio Solution File, Format Version 12.00
# Visual Studio Version 17
VisualStudioVersion = 17.0.31903.59
MinimumVisualStudioVersion = 10.0.40219.1
Project("{FAE04EC0-301F-11D3-BF4B-00C04F79EFBC}") = "WebAPIClient", "WebAPIClient\WebAPIClient.csproj", "{5E848791-CD1E-4F4F-A219-6730D2E1978E}"
EndProject
Project("{FAE04EC0-301F-11D3-BF4B-00C04F79EFBC}") = "RazorPagesMovie", "RazorPagesMovie\RazorPagesMovie.csproj", "{A5FB1483-EF02-4CA6-9619-36BE40BEB426}"
EndProject
Project("{FAE04EC0-301F-11D3-BF4B-00C04F79EFBC}") = "MvcMovie", "MvcMovie\MvcMovie.csproj", "{EC44665D-235F-4E65-86CE-9230C3F99CC2}"
EndProject
Project("{FAE04EC0-301F-11D3-BF4B-00C04F79EFBC}") = "EfCore2", "EfCore2\EfCore2.csproj", "{7A284B02-FEF3-4143-BB62-19F914A98FE9}"
EndProject
Project("{FAE04EC0-301F-11D3-BF4B-00C04F79EFBC}") = "EFcore1", "EfCoreGetStarted\EFcore1.csproj", "{9AEDE258-780C-41CC-903A-5229904397CA}"
EndProject
Global
	GlobalSection(SolutionConfigurationPlatforms) = preSolution
		Debug|Any CPU = Debug|Any CPU
		Release|Any CPU = Release|Any CPU
	EndGlobalSection
	GlobalSection(ProjectConfigurationPlatforms) = postSolution
		{5E848791-CD1E-4F4F-A219-6730D2E1978E}.Debug|Any CPU.ActiveCfg = Debug|Any CPU
		{5E848791-CD1E-4F4F-A219-6730D2E1978E}.Debug|Any CPU.Build.0 = Debug|Any CPU
		{5E848791-CD1E-4F4F-A219-6730D2E1978E}.Release|Any CPU.ActiveCfg = Release|Any CPU
		{5E848791-CD1E-4F4F-A219-6730D2E1978E}.Release|Any CPU.Build.0 = Release|Any CPU
		{A5FB1483-EF02-4CA6-9619-36BE40BEB426}.Debug|Any CPU.ActiveCfg = Debug|Any CPU
		{A5FB1483-EF02-4CA6-9619-36BE40BEB426}.Debug|Any CPU.Build.0 = Debug|Any CPU
		{A5FB1483-EF02-4CA6-9619-36BE40BEB426}.Release|Any CPU.ActiveCfg = Release|Any CPU
		{A5FB1483-EF02-4CA6-9619-36BE40BEB426}.Release|Any CPU.Build.0 = Release|Any CPU
		{EC44665D-235F-4E65-86CE-9230C3F99CC2}.Debug|Any CPU.ActiveCfg = Debug|Any CPU
		{EC44665D-235F-4E65-86CE-9230C3F99CC2}.Debug|Any CPU.Build.0 = Debug|Any CPU
		{EC44665D-235F-4E65-86CE-9230C3F99CC2}.Release|Any CPU.ActiveCfg = Release|Any CPU
		{EC44665D-235F-4E65-86CE-9230C3F99CC2}.Release|Any CPU.Build.0 = Release|Any CPU
		{7A284B02-FEF3-4143-BB62-19F914A98FE9}.Debug|Any CPU.ActiveCfg = Debug|Any CPU
		{7A284B02-FEF3-4143-BB62-19F914A98FE9}.Debug|Any CPU.Build.0 = Debug|Any CPU
		{7A284B02-FEF3-4143-BB62-19F914A98FE9}.Release|Any CPU.ActiveCfg = Release|Any CPU
		{7A284B02-FEF3-4143-BB62-19F914A98FE9}.Release|Any CPU.Build.0 = Release|Any CPU
		{9AEDE258-780C-41CC-903A-5229904397CA}.Debug|Any CPU.ActiveCfg = Debug|Any CPU
		{9AEDE258-780C-41CC-903A-5229904397CA}.Debug|Any CPU.Build.0 = Debug|Any CPU
		{9AEDE258-780C-41CC-903A-5229904397CA}.Release|Any CPU.ActiveCfg = Release|Any CPU
		{9AEDE258-780C-41CC-903A-5229904397CA}.Release|Any CPU.Build.0 = Release|Any CPU
	EndGlobalSection
	GlobalSection(SolutionProperties) = preSolution
		HideSolutionNode = FALSE
	EndGlobalSection
EndGlobal
